
Microsoft Visual Studio Solution File, Format Version 12.00
# Visual Studio Version 17
VisualStudioVersion = 17.3.32929.385
MinimumVisualStudioVersion = 10.0.40219.1
Project("{FAE04EC0-301F-11D3-BF4B-00C04F79EFBC}") = "StudentData", "StudentData\StudentData.csproj", "{3CA52543-E1D8-431A-A038-B948CC73CF08}"
EndProject
Global
	GlobalSection(SolutionConfigurationPlatforms) = preSolution
		Debug|Any CPU = Debug|Any CPU
		Release|Any CPU = Release|Any CPU
	EndGlobalSection
	GlobalSection(ProjectConfigurationPlatforms) = postSolution
		{3CA52543-E1D8-431A-A038-B948CC73CF08}.Debug|Any CPU.ActiveCfg = Debug|Any CPU
		{3CA52543-E1D8-431A-A038-B948CC73CF08}.Debug|Any CPU.Build.0 = Debug|Any CPU
		{3CA52543-E1D8-431A-A038-B948CC73CF08}.Release|Any CPU.ActiveCfg = Release|Any CPU
		{3CA52543-E1D8-431A-A038-B948CC73CF08}.Release|Any CPU.Build.0 = Release|Any CPU
	EndGlobalSection
	GlobalSection(SolutionProperties) = preSolution
		HideSolutionNode = FALSE
	EndGlobalSection
	GlobalSection(ExtensibilityGlobals) = postSolution
		SolutionGuid = {DB59010B-6E83-4ED5-926D-B56ACE129213}
	EndGlobalSection
EndGlobal
